// !$*UTF8*$!
{
	archiveVersion = 1;
	classes = {
	};
	objectVersion = 77;
	objects = {

/* Begin PBXBuildFile section */
		731C3BC02FC523B200B84A2E /* ClerkKit in Frameworks */ = {isa = PBXBuildFile; productRef = 731C3BBF2FC523B200B84A2E /* ClerkKit */; };
		731C3BC22FC523B200B84A2E /* ClerkKitUI in Frameworks */ = {isa = PBXBuildFile; productRef = 731C3BC12FC523B200B84A2E /* ClerkKitUI */; };
		73358C852F8ECC5800DFA772 /* WidgetKit.framework in Frameworks */ = {isa = PBXBuildFile; fileRef = 73358C842F8ECC5800DFA772 /* WidgetKit.framework */; };
		73358C872F8ECC5800DFA772 /* SwiftUI.framework in Frameworks */ = {isa = PBXBuildFile; fileRef = 73358C862F8ECC5800DFA772 /* SwiftUI.framework */; };
		73358C962F8ECC5A00DFA772 /* SadieMarieWidgets.appex in Embed Foundation Extensions */ = {isa = PBXBuildFile; fileRef = 73358C822F8ECC5800DFA772 /* SadieMarieWidgets.appex */; settings = {ATTRIBUTES = (RemoveHeadersOnCopy, ); }; };
		73358CB62F901C8300DFA772 /* SadieMarieNotifications.appex in Embed Foundation Extensions */ = {isa = PBXBuildFile; fileRef = 73358CAF2F901C8300DFA772 /* SadieMarieNotifications.appex */; settings = {ATTRIBUTES = (RemoveHeadersOnCopy, ); }; };
		73HC00032FC6000100B84A2E /* HorizonCalendar in Frameworks */ = {isa = PBXBuildFile; productRef = 73HC00022FC6000100B84A2E /* HorizonCalendar */; };
		B10000112F7640EF00C6ADEE /* SadieMarieTests.swift in Sources */ = {isa = PBXBuildFile; fileRef = B10000012F7640EF00C6ADEE /* SadieMarieTests.swift */; };
		B10000132F7640EF00C6ADEE /* XCTest.framework in Frameworks */ = {isa = PBXBuildFile; fileRef = B10000052F7640EF00C6ADEE /* XCTest.framework */; };
		B10000142F7640EF00C6ADEE /* XCTest.framework in Frameworks */ = {isa = PBXBuildFile; fileRef = B10000052F7640EF00C6ADEE /* XCTest.framework */; };
/* End PBXBuildFile section */

/* Begin PBXContainerItemProxy section */
		73358C942F8ECC5A00DFA772 /* PBXContainerItemProxy */ = {
			isa = PBXContainerItemProxy;
			containerPortal = 735A66EB2F7640EF00C6ADEE /* Project object */;
			proxyType = 1;
			remoteGlobalIDString = 73358C812F8ECC5800DFA772;
			remoteInfo = SadieMarieWidgets;
		};
		73358CB42F901C8300DFA772 /* PBXContainerItemProxy */ = {
			isa = PBXContainerItemProxy;
			containerPortal = 735A66EB2F7640EF00C6ADEE /* Project object */;
			proxyType = 1;
			remoteGlobalIDString = 73358CAE2F901C8300DFA772;
			remoteInfo = SadieMarieNotifications;
		};
		B10000511F7640EF00C6ADEE /* PBXContainerItemProxy */ = {
			isa = PBXContainerItemProxy;
			containerPortal = 735A66EB2F7640EF00C6ADEE /* Project object */;
			proxyType = 1;
			remoteGlobalIDString = 735A66F22F7640EF00C6ADEE;
			remoteInfo = SadieMarie;
		};
		B10000512F7640EF00C6ADEE /* PBXContainerItemProxy */ = {
			isa = PBXContainerItemProxy;
			containerPortal = 735A66EB2F7640EF00C6ADEE /* Project object */;
			proxyType = 1;
			remoteGlobalIDString = 735A66F22F7640EF00C6ADEE;
			remoteInfo = SadieMarie;
		};
/* End PBXContainerItemProxy section */

/* Begin PBXCopyFilesBuildPhase section */
		73358C9B2F8ECC5A00DFA772 /* Embed Foundation Extensions */ = {
			isa = PBXCopyFilesBuildPhase;
			buildActionMask = 2147483647;
			dstPath = "";
			dstSubfolderSpec = 13;
			files = (
				73358C962F8ECC5A00DFA772 /* SadieMarieWidgets.appex in Embed Foundation Extensions */,
				73358CB62F901C8300DFA772 /* SadieMarieNotifications.appex in Embed Foundation Extensions */,
			);
			name = "Embed Foundation Extensions";
			runOnlyForDeploymentPostprocessing = 0;
		};
/* End PBXCopyFilesBuildPhase section */

/* Begin PBXFileReference section */
		73358C822F8ECC5800DFA772 /* SadieMarieWidgets.appex */ = {isa = PBXFileReference; explicitFileType = "wrapper.app-extension"; includeInIndex = 0; path = SadieMarieWidgets.appex; sourceTree = BUILT_PRODUCTS_DIR; };
		73358C842F8ECC5800DFA772 /* WidgetKit.framework */ = {isa = PBXFileReference; lastKnownFileType = wrapper.framework; name = WidgetKit.framework; path = System/Library/Frameworks/WidgetKit.framework; sourceTree = SDKROOT; };
		73358C862F8ECC5800DFA772 /* SwiftUI.framework */ = {isa = PBXFileReference; lastKnownFileType = wrapper.framework; name = SwiftUI.framework; path = System/Library/Frameworks/SwiftUI.framework; sourceTree = SDKROOT; };
		73358CA32F8ECD9400DFA772 /* SadieMarieWidgetsExtension.entitlements */ = {isa = PBXFileReference; lastKnownFileType = text.plist.entitlements; path = SadieMarieWidgetsExtension.entitlements; sourceTree = "<group>"; };
		73358CA42F8EDFD600DFA772 /* SadieMarieWidgetsExtensionDebug.entitlements */ = {isa = PBXFileReference; lastKnownFileType = text.plist.entitlements; path = SadieMarieWidgetsExtensionDebug.entitlements; sourceTree = "<group>"; };
		73358CAF2F901C8300DFA772 /* SadieMarieNotifications.appex */ = {isa = PBXFileReference; explicitFileType = "wrapper.app-extension"; includeInIndex = 0; path = SadieMarieNotifications.appex; sourceTree = BUILT_PRODUCTS_DIR; };
		73358CC12F901C8300DFA772 /* SadieMarieNotificationsExtension.entitlements */ = {isa = PBXFileReference; lastKnownFileType = text.plist.entitlements; path = SadieMarieNotificationsExtension.entitlements; sourceTree = "<group>"; };
		73358CC22F901C8300DFA772 /* SadieMarieNotificationsExtensionDebug.entitlements */ = {isa = PBXFileReference; lastKnownFileType = text.plist.entitlements; path = SadieMarieNotificationsExtensionDebug.entitlements; sourceTree = "<group>"; };
		735A66F32F7640EF00C6ADEE /* SadieMarie.app */ = {isa = PBXFileReference; explicitFileType = wrapper.application; includeInIndex = 0; path = SadieMarie.app; sourceTree = BUILT_PRODUCTS_DIR; };
		B10000012F7640EF00C6ADEE /* SadieMarieTests.swift */ = {isa = PBXFileReference; lastKnownFileType = sourcecode.swift; path = SadieMarieTests.swift; sourceTree = "<group>"; };
		B10000032F7640EF00C6ADEE /* SadieMarieTests.xctest */ = {isa = PBXFileReference; explicitFileType = wrapper.cfbundle; includeInIndex = 0; path = SadieMarieTests.xctest; sourceTree = BUILT_PRODUCTS_DIR; };
		B10000042F7640EF00C6ADEE /* SadieMarieUITests.xctest */ = {isa = PBXFileReference; explicitFileType = wrapper.cfbundle; includeInIndex = 0; path = SadieMarieUITests.xctest; sourceTree = BUILT_PRODUCTS_DIR; };
		B10000052F7640EF00C6ADEE /* XCTest.framework */ = {isa = PBXFileReference; lastKnownFileType = wrapper.framework; name = XCTest.framework; path = System/Library/Frameworks/XCTest.framework; sourceTree = SDKROOT; };
/* End PBXFileReference section */

/* Begin PBXFileSystemSynchronizedBuildFileExceptionSet section */
		733587D72F7C498300DFA772 /* Exceptions for "SadieMarie" folder in "SadieMarie" target */ = {
			isa = PBXFileSystemSynchronizedBuildFileExceptionSet;
			membershipExceptions = (
				Config/README.md,
				Fonts/README.md,
				Info.plist,
			);
			target = 735A66F22F7640EF00C6ADEE /* SadieMarie */;
		};
		73358C9A2F8ECC5A00DFA772 /* Exceptions for "SadieMarieWidgets" folder in "SadieMarieWidgets" target */ = {
			isa = PBXFileSystemSynchronizedBuildFileExceptionSet;
			membershipExceptions = (
				Info.plist,
			);
			target = 73358C812F8ECC5800DFA772 /* SadieMarieWidgets */;
		};
		73358CBA2F901C8300DFA772 /* Exceptions for "SadieMarieNotifications" folder in "SadieMarieNotifications" target */ = {
			isa = PBXFileSystemSynchronizedBuildFileExceptionSet;
			membershipExceptions = (
				Info.plist,
			);
			target = 73358CAE2F901C8300DFA772 /* SadieMarieNotifications */;
		};
/* End PBXFileSystemSynchronizedBuildFileExceptionSet section */

/* Begin PBXFileSystemSynchronizedRootGroup section */
		73358C882F8ECC5800DFA772 /* SadieMarieWidgets */ = {
			isa = PBXFileSystemSynchronizedRootGroup;
			exceptions = (
				73358C9A2F8ECC5A00DFA772 /* Exceptions for "SadieMarieWidgets" folder in "SadieMarieWidgets" target */,
			);
			path = SadieMarieWidgets;
			sourceTree = "<group>";
		};
		73358CB02F901C8300DFA772 /* SadieMarieNotifications */ = {
			isa = PBXFileSystemSynchronizedRootGroup;
			exceptions = (
				73358CBA2F901C8300DFA772 /* Exceptions for "SadieMarieNotifications" folder in "SadieMarieNotifications" target */,
			);
			path = SadieMarieNotifications;
			sourceTree = "<group>";
		};
		735A66F52F7640EF00C6ADEE /* SadieMarie */ = {
			isa = PBXFileSystemSynchronizedRootGroup;
			exceptions = (
				733587D72F7C498300DFA772 /* Exceptions for "SadieMarie" folder in "SadieMarie" target */,
			);
			path = SadieMarie;
			sourceTree = "<group>";
		};
/* End PBXFileSystemSynchronizedRootGroup section */

/* Begin PBXFrameworksBuildPhase section */
		73358C7F2F8ECC5800DFA772 /* Frameworks */ = {
			isa = PBXFrameworksBuildPhase;
			buildActionMask = 2147483647;
			files = (
				73358C872F8ECC5800DFA772 /* SwiftUI.framework in Frameworks */,
				73358C852F8ECC5800DFA772 /* WidgetKit.framework in Frameworks */,
			);
			runOnlyForDeploymentPostprocessing = 0;
		};
		73358CAC2F901C8300DFA772 /* Frameworks */ = {
			isa = PBXFrameworksBuildPhase;
			buildActionMask = 2147483647;
			files = (
			);
			runOnlyForDeploymentPostprocessing = 0;
		};
		735A66F02F7640EF00C6ADEE /* Frameworks */ = {
			isa = PBXFrameworksBuildPhase;
			buildActionMask = 2147483647;
			files = (
				731C3BC02FC523B200B84A2E /* ClerkKit in Frameworks */,
				731C3BC22FC523B200B84A2E /* ClerkKitUI in Frameworks */,
				73HC00032FC6000100B84A2E /* HorizonCalendar in Frameworks */,
			);
			runOnlyForDeploymentPostprocessing = 0;
		};
		B10000412F7640EF00C6ADEE /* Frameworks */ = {
			isa = PBXFrameworksBuildPhase;
			buildActionMask = 2147483647;
			files = (
				B10000132F7640EF00C6ADEE /* XCTest.framework in Frameworks */,
			);
			runOnlyForDeploymentPostprocessing = 0;
		};
		B10000422F7640EF00C6ADEE /* Frameworks */ = {
			isa = PBXFrameworksBuildPhase;
			buildActionMask = 2147483647;
			files = (
				B10000142F7640EF00C6ADEE /* XCTest.framework in Frameworks */,
			);
			runOnlyForDeploymentPostprocessing = 0;
		};
/* End PBXFrameworksBuildPhase section */

/* Begin PBXGroup section */
		73358BE12F7F4B1600DFA772 /* Recovered References */ = {
			isa = PBXGroup;
			children = (
				B10000052F7640EF00C6ADEE /* XCTest.framework */,
			);
			name = "Recovered References";
			sourceTree = "<group>";
		};
		73358C832F8ECC5800DFA772 /* Frameworks */ = {
			isa = PBXGroup;
			children = (
				73358C842F8ECC5800DFA772 /* WidgetKit.framework */,
				73358C862F8ECC5800DFA772 /* SwiftUI.framework */,
			);
			name = Frameworks;
			sourceTree = "<group>";
		};
		735A66EA2F7640EF00C6ADEE = {
			isa = PBXGroup;
			children = (
				73358CC22F901C8300DFA772 /* SadieMarieNotificationsExtensionDebug.entitlements */,
				73358CC12F901C8300DFA772 /* SadieMarieNotificationsExtension.entitlements */,
				73358CA42F8EDFD600DFA772 /* SadieMarieWidgetsExtensionDebug.entitlements */,
				73358CA32F8ECD9400DFA772 /* SadieMarieWidgetsExtension.entitlements */,
				735A66F52F7640EF00C6ADEE /* SadieMarie */,
				B10000212F7640EF00C6ADEE /* SadieMarieTests */,
				73358C882F8ECC5800DFA772 /* SadieMarieWidgets */,
				73358CB02F901C8300DFA772 /* SadieMarieNotifications */,
				73358C832F8ECC5800DFA772 /* Frameworks */,
				735A66F42F7640EF00C6ADEE /* Products */,
				73358BE12F7F4B1600DFA772 /* Recovered References */,
			);
			sourceTree = "<group>";
		};
		735A66F42F7640EF00C6ADEE /* Products */ = {
			isa = PBXGroup;
			children = (
				735A66F32F7640EF00C6ADEE /* SadieMarie.app */,
				B10000032F7640EF00C6ADEE /* SadieMarieTests.xctest */,
				B10000042F7640EF00C6ADEE /* SadieMarieUITests.xctest */,
				73358C822F8ECC5800DFA772 /* SadieMarieWidgets.appex */,
				73358CAF2F901C8300DFA772 /* SadieMarieNotifications.appex */,
			);
			name = Products;
			sourceTree = "<group>";
		};
		B10000212F7640EF00C6ADEE /* SadieMarieTests */ = {
			isa = PBXGroup;
			children = (
				B10000012F7640EF00C6ADEE /* SadieMarieTests.swift */,
			);
			path = SadieMarieTests;
			sourceTree = "<group>";
		};
/* End PBXGroup section */

/* Begin PBXNativeTarget section */
		73358C812F8ECC5800DFA772 /* SadieMarieWidgets */ = {
			isa = PBXNativeTarget;
			buildConfigurationList = 73358C972F8ECC5A00DFA772 /* Build configuration list for PBXNativeTarget "SadieMarieWidgets" */;
			buildPhases = (
				73358C7E2F8ECC5800DFA772 /* Sources */,
				73358C7F2F8ECC5800DFA772 /* Frameworks */,
				73358C802F8ECC5800DFA772 /* Resources */,
			);
			buildRules = (
			);
			dependencies = (
			);
			fileSystemSynchronizedGroups = (
				73358C882F8ECC5800DFA772 /* SadieMarieWidgets */,
			);
			name = SadieMarieWidgets;
			packageProductDependencies = (
			);
			productName = SadieMarieWidgets;
			productReference = 73358C822F8ECC5800DFA772 /* SadieMarieWidgets.appex */;
			productType = "com.apple.product-type.app-extension";
		};
		73358CAE2F901C8300DFA772 /* SadieMarieNotifications */ = {
			isa = PBXNativeTarget;
			buildConfigurationList = 73358CB72F901C8300DFA772 /* Build configuration list for PBXNativeTarget "SadieMarieNotifications" */;
			buildPhases = (
				73358CAB2F901C8300DFA772 /* Sources */,
				73358CAC2F901C8300DFA772 /* Frameworks */,
				73358CAD2F901C8300DFA772 /* Resources */,
			);
			buildRules = (
			);
			dependencies = (
			);
			fileSystemSynchronizedGroups = (
				73358CB02F901C8300DFA772 /* SadieMarieNotifications */,
			);
			name = SadieMarieNotifications;
			packageProductDependencies = (
			);
			productName = SadieMarieNotifications;
			productReference = 73358CAF2F901C8300DFA772 /* SadieMarieNotifications.appex */;
			productType = "com.apple.product-type.app-extension";
		};
		735A66F22F7640EF00C6ADEE /* SadieMarie */ = {
			isa = PBXNativeTarget;
			buildConfigurationList = 735A66FE2F7640F000C6ADEE /* Build configuration list for PBXNativeTarget "SadieMarie" */;
			buildPhases = (
				735A66EF2F7640EF00C6ADEE /* Sources */,
				735A66F02F7640EF00C6ADEE /* Frameworks */,
				735A66F12F7640EF00C6ADEE /* Resources */,
				73358C9B2F8ECC5A00DFA772 /* Embed Foundation Extensions */,
			);
			buildRules = (
			);
			dependencies = (
				73358C952F8ECC5A00DFA772 /* PBXTargetDependency */,
				73358CB52F901C8300DFA772 /* PBXTargetDependency */,
			);
			fileSystemSynchronizedGroups = (
				735A66F52F7640EF00C6ADEE /* SadieMarie */,
			);
			name = SadieMarie;
			packageProductDependencies = (
				731C3BBF2FC523B200B84A2E /* ClerkKit */,
				731C3BC12FC523B200B84A2E /* ClerkKitUI */,
				73HC00022FC6000100B84A2E /* HorizonCalendar */,
			);
			productName = SadieMarie;
			productReference = 735A66F32F7640EF00C6ADEE /* SadieMarie.app */;
			productType = "com.apple.product-type.application";
		};
		B10000312F7640EF00C6ADEE /* SadieMarieTests */ = {
			isa = PBXNativeTarget;
			buildConfigurationList = B10000711F7640EF00C6ADEE /* Build configuration list for PBXNativeTarget "SadieMarieTests" */;
			buildPhases = (
				B10000411F7640EF00C6ADEE /* Sources */,
				B10000412F7640EF00C6ADEE /* Frameworks */,
				B10000413F7640EF00C6ADEE /* Resources */,
			);
			buildRules = (
			);
			dependencies = (
				B10000521F7640EF00C6ADEE /* PBXTargetDependency */,
			);
			name = SadieMarieTests;
			packageProductDependencies = (
			);
			productName = SadieMarieTests;
			productReference = B10000032F7640EF00C6ADEE /* SadieMarieTests.xctest */;
			productType = "com.apple.product-type.bundle.unit-test";
		};
		B10000322F7640EF00C6ADEE /* SadieMarieUITests */ = {
			isa = PBXNativeTarget;
			buildConfigurationList = B10000712F7640EF00C6ADEE /* Build configuration list for PBXNativeTarget "SadieMarieUITests" */;
			buildPhases = (
				B10000421F7640EF00C6ADEE /* Sources */,
				B10000422F7640EF00C6ADEE /* Frameworks */,
				B10000423F7640EF00C6ADEE /* Resources */,
			);
			buildRules = (
			);
			dependencies = (
				B10000522F7640EF00C6ADEE /* PBXTargetDependency */,
			);
			name = SadieMarieUITests;
			packageProductDependencies = (
			);
			productName = SadieMarieUITests;
			productReference = B10000042F7640EF00C6ADEE /* SadieMarieUITests.xctest */;
			productType = "com.apple.product-type.bundle.ui-testing";
		};
/* End PBXNativeTarget section */

/* Begin PBXProject section */
		735A66EB2F7640EF00C6ADEE /* Project object */ = {
			isa = PBXProject;
			attributes = {
				BuildIndependentTargetsInParallel = 1;
				LastSwiftUpdateCheck = 2630;
				LastUpgradeCheck = 2630;
				TargetAttributes = {
					73358C812F8ECC5800DFA772 = {
						CreatedOnToolsVersion = 26.3;
					};
					735A66F22F7640EF00C6ADEE = {
						CreatedOnToolsVersion = 26.3;
					};
					B10000312F7640EF00C6ADEE = {
						CreatedOnToolsVersion = 26.3;
						TestTargetID = 735A66F22F7640EF00C6ADEE;
					};
					B10000322F7640EF00C6ADEE = {
						CreatedOnToolsVersion = 26.3;
						TestTargetID = 735A66F22F7640EF00C6ADEE;
					};
				};
			};
			buildConfigurationList = 735A66EE2F7640EF00C6ADEE /* Build configuration list for PBXProject "SadieMarie" */;
			developmentRegion = en;
			hasScannedForEncodings = 0;
			knownRegions = (
				en,
				Base,
			);
			mainGroup = 735A66EA2F7640EF00C6ADEE;
			minimizedProjectReferenceProxies = 1;
			packageReferences = (
				731C3BBE2FC5229900B84A2E /* XCRemoteSwiftPackageReference "clerk-ios" */,
				73HC00012FC6000100B84A2E /* XCRemoteSwiftPackageReference "HorizonCalendar" */,
			);
			preferredProjectObjectVersion = 77;
			productRefGroup = 735A66F42F7640EF00C6ADEE /* Products */;
			projectDirPath = "";
			projectRoot = "";
			targets = (
				735A66F22F7640EF00C6ADEE /* SadieMarie */,
				B10000312F7640EF00C6ADEE /* SadieMarieTests */,
				B10000322F7640EF00C6ADEE /* SadieMarieUITests */,
				73358C812F8ECC5800DFA772 /* SadieMarieWidgets */,
				73358CAE2F901C8300DFA772 /* SadieMarieNotifications */,
			);
		};
/* End PBXProject section */

/* Begin PBXResourcesBuildPhase section */
		73358C802F8ECC5800DFA772 /* Resources */ = {
			isa = PBXResourcesBuildPhase;
			buildActionMask = 2147483647;
			files = (
			);
			runOnlyForDeploymentPostprocessing = 0;
		};
		73358CAD2F901C8300DFA772 /* Resources */ = {
			isa = PBXResourcesBuildPhase;
			buildActionMask = 2147483647;
			files = (
			);
			runOnlyForDeploymentPostprocessing = 0;
		};
		735A66F12F7640EF00C6ADEE /* Resources */ = {
			isa = PBXResourcesBuildPhase;
			buildActionMask = 2147483647;
			files = (
			);
			runOnlyForDeploymentPostprocessing = 0;
		};
		B10000413F7640EF00C6ADEE /* Resources */ = {
			isa = PBXResourcesBuildPhase;
			buildActionMask = 2147483647;
			files = (
			);
			runOnlyForDeploymentPostprocessing = 0;
		};
		B10000423F7640EF00C6ADEE /* Resources */ = {
			isa = PBXResourcesBuildPhase;
			buildActionMask = 2147483647;
			files = (
			);
			runOnlyForDeploymentPostprocessing = 0;
		};
/* End PBXResourcesBuildPhase section */

/* Begin PBXSourcesBuildPhase section */
		73358C7E2F8ECC5800DFA772 /* Sources */ = {
			isa = PBXSourcesBuildPhase;
			buildActionMask = 2147483647;
			files = (
			);
			runOnlyForDeploymentPostprocessing = 0;
		};
		73358CAB2F901C8300DFA772 /* Sources */ = {
			isa = PBXSourcesBuildPhase;
			buildActionMask = 2147483647;
			files = (
			);
			runOnlyForDeploymentPostprocessing = 0;
		};
		735A66EF2F7640EF00C6ADEE /* Sources */ = {
			isa = PBXSourcesBuildPhase;
			buildActionMask = 2147483647;
			files = (
			);
			runOnlyForDeploymentPostprocessing = 0;
		};
		B10000411F7640EF00C6ADEE /* Sources */ = {
			isa = PBXSourcesBuildPhase;
			buildActionMask = 2147483647;
			files = (
				B10000112F7640EF00C6ADEE /* SadieMarieTests.swift in Sources */,
			);
			runOnlyForDeploymentPostprocessing = 0;
		};
		B10000421F7640EF00C6ADEE /* Sources */ = {
			isa = PBXSourcesBuildPhase;
			buildActionMask = 2147483647;
			files = (
			);
			runOnlyForDeploymentPostprocessing = 0;
		};
/* End PBXSourcesBuildPhase section */

/* Begin PBXTargetDependency section */
		73358C952F8ECC5A00DFA772 /* PBXTargetDependency */ = {
			isa = PBXTargetDependency;
			target = 73358C812F8ECC5800DFA772 /* SadieMarieWidgets */;
			targetProxy = 73358C942F8ECC5A00DFA772 /* PBXContainerItemProxy */;
		};
		73358CB52F901C8300DFA772 /* PBXTargetDependency */ = {
			isa = PBXTargetDependency;
			target = 73358CAE2F901C8300DFA772 /* SadieMarieNotifications */;
			targetProxy = 73358CB42F901C8300DFA772 /* PBXContainerItemProxy */;
		};
		B10000521F7640EF00C6ADEE /* PBXTargetDependency */ = {
			isa = PBXTargetDependency;
			target = 735A66F22F7640EF00C6ADEE /* SadieMarie */;
			targetProxy = B10000511F7640EF00C6ADEE /* PBXContainerItemProxy */;
		};
		B10000522F7640EF00C6ADEE /* PBXTargetDependency */ = {
			isa = PBXTargetDependency;
			target = 735A66F22F7640EF00C6ADEE /* SadieMarie */;
			targetProxy = B10000512F7640EF00C6ADEE /* PBXContainerItemProxy */;
		};
/* End PBXTargetDependency section */

/* Begin XCBuildConfiguration section */
		73358C982F8ECC5A00DFA772 /* Debug */ = {
			isa = XCBuildConfiguration;
			buildSettings = {
				ASSETCATALOG_COMPILER_WIDGET_BACKGROUND_COLOR_NAME = WidgetBackground;
				CODE_SIGN_ENTITLEMENTS = SadieMarieWidgetsExtensionDebug.entitlements;
				CODE_SIGN_STYLE = Automatic;
				CURRENT_PROJECT_VERSION = 14;
				DEVELOPMENT_TEAM = F54JWSP8S3;
				GENERATE_INFOPLIST_FILE = YES;
				INFOPLIST_FILE = SadieMarieWidgets/Info.plist;
				INFOPLIST_KEY_CFBundleDisplayName = "Sadie Marie Widget";
				INFOPLIST_KEY_NSHumanReadableCopyright = "";
				IPHONEOS_DEPLOYMENT_TARGET = 17.0;
				LD_RUNPATH_SEARCH_PATHS = (
					"$(inherited)",
					"@executable_path/Frameworks",
					"@executable_path/../../Frameworks",
				);
				MARKETING_VERSION = 1.0.13;
				PRODUCT_BUNDLE_IDENTIFIER = "com.lj-buchmiller.SadieMarie.dev.SadieMarieWidgets";
				PRODUCT_NAME = "$(TARGET_NAME)";
				SKIP_INSTALL = YES;
				STRING_CATALOG_GENERATE_SYMBOLS = YES;
				SWIFT_APPROACHABLE_CONCURRENCY = YES;
				SWIFT_EMIT_LOC_STRINGS = YES;
				SWIFT_UPCOMING_FEATURE_MEMBER_IMPORT_VISIBILITY = YES;
				SWIFT_VERSION = 5.0;
				TARGETED_DEVICE_FAMILY = "1,2";
			};
			name = Debug;
		};
		73358C992F8ECC5A00DFA772 /* Release */ = {
			isa = XCBuildConfiguration;
			buildSettings = {
				ASSETCATALOG_COMPILER_WIDGET_BACKGROUND_COLOR_NAME = WidgetBackground;
				CODE_SIGN_ENTITLEMENTS = SadieMarieWidgetsExtension.entitlements;
				CODE_SIGN_STYLE = Automatic;
				CURRENT_PROJECT_VERSION = 14;
				DEVELOPMENT_TEAM = F54JWSP8S3;
				GENERATE_INFOPLIST_FILE = YES;
				INFOPLIST_FILE = SadieMarieWidgets/Info.plist;
				INFOPLIST_KEY_CFBundleDisplayName = "Sadie Marie Widget";
				INFOPLIST_KEY_NSHumanReadableCopyright = "";
				IPHONEOS_DEPLOYMENT_TARGET = 17.0;
				LD_RUNPATH_SEARCH_PATHS = (
					"$(inherited)",
					"@executable_path/Frameworks",
					"@executable_path/../../Frameworks",
				);
				MARKETING_VERSION = 1.0.13;
				PRODUCT_BUNDLE_IDENTIFIER = "com.lj-buchmiller.SadieMarie.SadieMarieWidgets";
				PRODUCT_NAME = "$(TARGET_NAME)";
				SKIP_INSTALL = YES;
				STRING_CATALOG_GENERATE_SYMBOLS = YES;
				SWIFT_APPROACHABLE_CONCURRENCY = YES;
				SWIFT_EMIT_LOC_STRINGS = YES;
				SWIFT_UPCOMING_FEATURE_MEMBER_IMPORT_VISIBILITY = YES;
				SWIFT_VERSION = 5.0;
				TARGETED_DEVICE_FAMILY = "1,2";
			};
			name = Release;
		};
		73358CB82F901C8300DFA772 /* Debug */ = {
			isa = XCBuildConfiguration;
			buildSettings = {
				CODE_SIGN_ENTITLEMENTS = SadieMarieNotificationsExtensionDebug.entitlements;
				CODE_SIGN_STYLE = Automatic;
				CURRENT_PROJECT_VERSION = 14;
				DEVELOPMENT_TEAM = F54JWSP8S3;
				GENERATE_INFOPLIST_FILE = YES;
				INFOPLIST_FILE = SadieMarieNotifications/Info.plist;
				INFOPLIST_KEY_CFBundleDisplayName = "Sadie Marie Notifications";
				INFOPLIST_KEY_NSHumanReadableCopyright = "";
				IPHONEOS_DEPLOYMENT_TARGET = 17.0;
				LD_RUNPATH_SEARCH_PATHS = (
					"$(inherited)",
					"@executable_path/Frameworks",
					"@executable_path/../../Frameworks",
				);
				MARKETING_VERSION = 1.0.13;
				PRODUCT_BUNDLE_IDENTIFIER = "com.lj-buchmiller.SadieMarie.dev.SadieMarieNotifications";
				PRODUCT_NAME = "$(TARGET_NAME)";
				SKIP_INSTALL = YES;
				STRING_CATALOG_GENERATE_SYMBOLS = YES;
				SWIFT_APPROACHABLE_CONCURRENCY = YES;
				SWIFT_EMIT_LOC_STRINGS = YES;
				SWIFT_UPCOMING_FEATURE_MEMBER_IMPORT_VISIBILITY = YES;
				SWIFT_VERSION = 5.0;
				TARGETED_DEVICE_FAMILY = "1,2";
			};
			name = Debug;
		};
		73358CB92F901C8300DFA772 /* Release */ = {
			isa = XCBuildConfiguration;
			buildSettings = {
				CODE_SIGN_ENTITLEMENTS = SadieMarieNotificationsExtension.entitlements;
				CODE_SIGN_STYLE = Automatic;
				CURRENT_PROJECT_VERSION = 14;
				DEVELOPMENT_TEAM = F54JWSP8S3;
				GENERATE_INFOPLIST_FILE = YES;
				INFOPLIST_FILE = SadieMarieNotifications/Info.plist;
				INFOPLIST_KEY_CFBundleDisplayName = "Sadie Marie Notifications";
				INFOPLIST_KEY_NSHumanReadableCopyright = "";
				IPHONEOS_DEPLOYMENT_TARGET = 17.0;
				LD_RUNPATH_SEARCH_PATHS = (
					"$(inherited)",
					"@executable_path/Frameworks",
					"@executable_path/../../Frameworks",
				);
				MARKETING_VERSION = 1.0.13;
				PRODUCT_BUNDLE_IDENTIFIER = "com.lj-buchmiller.SadieMarie.SadieMarieNotifications";
				PRODUCT_NAME = "$(TARGET_NAME)";
				SKIP_INSTALL = YES;
				STRING_CATALOG_GENERATE_SYMBOLS = YES;
				SWIFT_APPROACHABLE_CONCURRENCY = YES;
				SWIFT_EMIT_LOC_STRINGS = YES;
				SWIFT_UPCOMING_FEATURE_MEMBER_IMPORT_VISIBILITY = YES;
				SWIFT_VERSION = 5.0;
				TARGETED_DEVICE_FAMILY = "1,2";
			};
			name = Release;
		};
		735A66FC2F7640F000C6ADEE /* Debug */ = {
			isa = XCBuildConfiguration;
			buildSettings = {
				ALWAYS_SEARCH_USER_PATHS = NO;
				ASSETCATALOG_COMPILER_GENERATE_SWIFT_ASSET_SYMBOL_EXTENSIONS = YES;
				CLANG_ANALYZER_NONNULL = YES;
				CLANG_ANALYZER_NUMBER_OBJECT_CONVERSION = YES_AGGRESSIVE;
				CLANG_CXX_LANGUAGE_STANDARD = "gnu++20";
				CLANG_ENABLE_MODULES = YES;
				CLANG_ENABLE_OBJC_ARC = YES;
				CLANG_ENABLE_OBJC_WEAK = YES;
				CLANG_WARN_BLOCK_CAPTURE_AUTORELEASING = YES;
				CLANG_WARN_BOOL_CONVERSION = YES;
				CLANG_WARN_COMMA = YES;
				CLANG_WARN_CONSTANT_CONVERSION = YES;
				CLANG_WARN_DEPRECATED_OBJC_IMPLEMENTATIONS = YES;
				CLANG_WARN_DIRECT_OBJC_ISA_USAGE = YES_ERROR;
				CLANG_WARN_DOCUMENTATION_COMMENTS = YES;
				CLANG_WARN_EMPTY_BODY = YES;
				CLANG_WARN_ENUM_CONVERSION = YES;
				CLANG_WARN_INFINITE_RECURSION = YES;
				CLANG_WARN_INT_CONVERSION = YES;
				CLANG_WARN_NON_LITERAL_NULL_CONVERSION = YES;
				CLANG_WARN_OBJC_IMPLICIT_RETAIN_SELF = YES;
				CLANG_WARN_OBJC_LITERAL_CONVERSION = YES;
				CLANG_WARN_OBJC_ROOT_CLASS = YES_ERROR;
				CLANG_WARN_QUOTED_INCLUDE_IN_FRAMEWORK_HEADER = YES;
				CLANG_WARN_RANGE_LOOP_ANALYSIS = YES;
				CLANG_WARN_STRICT_PROTOTYPES = YES;
				CLANG_WARN_SUSPICIOUS_MOVE = YES;
				CLANG_WARN_UNGUARDED_AVAILABILITY = YES_AGGRESSIVE;
				CLANG_WARN_UNREACHABLE_CODE = YES;
				CLANG_WARN__DUPLICATE_METHOD_MATCH = YES;
				CODE_SIGN_ENTITLEMENTS = SadieMarie/SadieMarie.entitlements;
				COPY_PHASE_STRIP = NO;
				DEBUG_INFORMATION_FORMAT = dwarf;
				DEVELOPMENT_TEAM = F54JWSP8S3;
				ENABLE_STRICT_OBJC_MSGSEND = YES;
				ENABLE_TESTABILITY = YES;
				ENABLE_USER_SCRIPT_SANDBOXING = YES;
				GCC_C_LANGUAGE_STANDARD = gnu17;
				GCC_DYNAMIC_NO_PIC = NO;
				GCC_NO_COMMON_BLOCKS = YES;
				GCC_OPTIMIZATION_LEVEL = 0;
				GCC_PREPROCESSOR_DEFINITIONS = (
					"DEBUG=1",
					"$(inherited)",
				);
				GCC_WARN_64_TO_32_BIT_CONVERSION = YES;
				GCC_WARN_ABOUT_RETURN_TYPE = YES_ERROR;
				GCC_WARN_UNDECLARED_SELECTOR = YES;
				GCC_WARN_UNINITIALIZED_AUTOS = YES_AGGRESSIVE;
				GCC_WARN_UNUSED_FUNCTION = YES;
				GCC_WARN_UNUSED_VARIABLE = YES;
				IPHONEOS_DEPLOYMENT_TARGET = 17.0;
				LOCALIZATION_PREFERS_STRING_CATALOGS = YES;
				MTL_ENABLE_DEBUG_INFO = INCLUDE_SOURCE;
				MTL_FAST_MATH = YES;
				ONLY_ACTIVE_ARCH = YES;
				SDKROOT = iphoneos;
				SWIFT_ACTIVE_COMPILATION_CONDITIONS = "DEBUG $(inherited)";
				SWIFT_OPTIMIZATION_LEVEL = "-Onone";
			};
			name = Debug;
		};
		735A66FD2F7640F000C6ADEE /* Release */ = {
			isa = XCBuildConfiguration;
			buildSettings = {
				ALWAYS_SEARCH_USER_PATHS = NO;
				ASSETCATALOG_COMPILER_GENERATE_SWIFT_ASSET_SYMBOL_EXTENSIONS = YES;
				CLANG_ANALYZER_NONNULL = YES;
				CLANG_ANALYZER_NUMBER_OBJECT_CONVERSION = YES_AGGRESSIVE;
				CLANG_CXX_LANGUAGE_STANDARD = "gnu++20";
				CLANG_ENABLE_MODULES = YES;
				CLANG_ENABLE_OBJC_ARC = YES;
				CLANG_ENABLE_OBJC_WEAK = YES;
				CLANG_WARN_BLOCK_CAPTURE_AUTORELEASING = YES;
				CLANG_WARN_BOOL_CONVERSION = YES;
				CLANG_WARN_COMMA = YES;
				CLANG_WARN_CONSTANT_CONVERSION = YES;
				CLANG_WARN_DEPRECATED_OBJC_IMPLEMENTATIONS = YES;
				CLANG_WARN_DIRECT_OBJC_ISA_USAGE = YES_ERROR;
				CLANG_WARN_DOCUMENTATION_COMMENTS = YES;
				CLANG_WARN_EMPTY_BODY = YES;
				CLANG_WARN_ENUM_CONVERSION = YES;
				CLANG_WARN_INFINITE_RECURSION = YES;
				CLANG_WARN_INT_CONVERSION = YES;
				CLANG_WARN_NON_LITERAL_NULL_CONVERSION = YES;
				CLANG_WARN_OBJC_IMPLICIT_RETAIN_SELF = YES;
				CLANG_WARN_OBJC_LITERAL_CONVERSION = YES;
				CLANG_WARN_OBJC_ROOT_CLASS = YES_ERROR;
				CLANG_WARN_QUOTED_INCLUDE_IN_FRAMEWORK_HEADER = YES;
				CLANG_WARN_RANGE_LOOP_ANALYSIS = YES;
				CLANG_WARN_STRICT_PROTOTYPES = YES;
				CLANG_WARN_SUSPICIOUS_MOVE = YES;
				CLANG_WARN_UNGUARDED_AVAILABILITY = YES_AGGRESSIVE;
				CLANG_WARN_UNREACHABLE_CODE = YES;
				CLANG_WARN__DUPLICATE_METHOD_MATCH = YES;
				CODE_SIGN_ENTITLEMENTS = SadieMarie/SadieMarie.entitlements;
				COPY_PHASE_STRIP = NO;
				DEBUG_INFORMATION_FORMAT = "dwarf-with-dsym";
				DEVELOPMENT_TEAM = F54JWSP8S3;
				ENABLE_NS_ASSERTIONS = NO;
				ENABLE_STRICT_OBJC_MSGSEND = YES;
				ENABLE_USER_SCRIPT_SANDBOXING = YES;
				GCC_C_LANGUAGE_STANDARD = gnu17;
				GCC_NO_COMMON_BLOCKS = YES;
				GCC_WARN_64_TO_32_BIT_CONVERSION = YES;
				GCC_WARN_ABOUT_RETURN_TYPE = YES_ERROR;
				GCC_WARN_UNDECLARED_SELECTOR = YES;
				GCC_WARN_UNINITIALIZED_AUTOS = YES_AGGRESSIVE;
				GCC_WARN_UNUSED_FUNCTION = YES;
				GCC_WARN_UNUSED_VARIABLE = YES;
				IPHONEOS_DEPLOYMENT_TARGET = 17.0;
				LOCALIZATION_PREFERS_STRING_CATALOGS = YES;
				MTL_ENABLE_DEBUG_INFO = NO;
				MTL_FAST_MATH = YES;
				SDKROOT = iphoneos;
				SWIFT_COMPILATION_MODE = wholemodule;
				VALIDATE_PRODUCT = YES;
			};
			name = Release;
		};
		735A66FF2F7640F000C6ADEE /* Debug */ = {
			isa = XCBuildConfiguration;
			buildSettings = {
				ASSETCATALOG_COMPILER_APPICON_NAME = AppIcon;
				ASSETCATALOG_COMPILER_INCLUDE_ALL_APPICON_ASSETS = YES;
				CODE_SIGN_ENTITLEMENTS = SadieMarie/SadieMarie.entitlements;
				CODE_SIGN_IDENTITY = "Apple Development";
				CODE_SIGN_STYLE = Automatic;
				CURRENT_PROJECT_VERSION = 14;
				DEVELOPMENT_TEAM = F54JWSP8S3;
				ENABLE_PREVIEWS = YES;
				GENERATE_INFOPLIST_FILE = YES;
				INFOPLIST_FILE = SadieMarie/Info.plist;
				INFOPLIST_KEY_CFBundleDisplayName = "Sadie Marie";
				INFOPLIST_KEY_ITSAppUsesNonExemptEncryption = NO;
				INFOPLIST_KEY_UIApplicationSceneManifest_Generation = YES;
				INFOPLIST_KEY_UIApplicationSupportsIndirectInputEvents = YES;
				INFOPLIST_KEY_UILaunchScreen_Generation = YES;
				INFOPLIST_KEY_UIRequiresFullScreen = YES;
				INFOPLIST_KEY_UISupportedInterfaceOrientations_iPad = UIInterfaceOrientationPortrait;
				INFOPLIST_KEY_UISupportedInterfaceOrientations_iPhone = UIInterfaceOrientationPortrait;
				IPHONEOS_DEPLOYMENT_TARGET = 17.0;
				LD_RUNPATH_SEARCH_PATHS = (
					"$(inherited)",
					"@executable_path/Frameworks",
				);
				MARKETING_VERSION = 1.0.13;
				PRODUCT_BUNDLE_IDENTIFIER = "com.lj-buchmiller.SadieMarie.dev";
				PRODUCT_MODULE_NAME = SadieMarie;
				PRODUCT_NAME = SadieMarie;
				PROVISIONING_PROFILE_SPECIFIER = "";
				STRING_CATALOG_GENERATE_SYMBOLS = YES;
				SWIFT_APPROACHABLE_CONCURRENCY = YES;
				SWIFT_DEFAULT_ACTOR_ISOLATION = nonisolated;
				SWIFT_EMIT_LOC_STRINGS = YES;
				SWIFT_UPCOMING_FEATURE_MEMBER_IMPORT_VISIBILITY = YES;
				SWIFT_VERSION = 5.0;
				TARGETED_DEVICE_FAMILY = "1,2";
			};
			name = Debug;
		};
		735A67002F7640F000C6ADEE /* Release */ = {
			isa = XCBuildConfiguration;
			buildSettings = {
				ASSETCATALOG_COMPILER_APPICON_NAME = AppIcon;
				ASSETCATALOG_COMPILER_INCLUDE_ALL_APPICON_ASSETS = YES;
				CODE_SIGN_ENTITLEMENTS = SadieMarie/SadieMarie.entitlements;
				CODE_SIGN_IDENTITY = "Apple Development";
				CODE_SIGN_STYLE = Automatic;
				CURRENT_PROJECT_VERSION = 14;
				DEVELOPMENT_TEAM = F54JWSP8S3;
				ENABLE_PREVIEWS = YES;
				GENERATE_INFOPLIST_FILE = YES;
				INFOPLIST_FILE = SadieMarie/Info.plist;
				INFOPLIST_KEY_CFBundleDisplayName = "Sadie Marie";
				INFOPLIST_KEY_ITSAppUsesNonExemptEncryption = NO;
				INFOPLIST_KEY_UIApplicationSceneManifest_Generation = YES;
				INFOPLIST_KEY_UIApplicationSupportsIndirectInputEvents = YES;
				INFOPLIST_KEY_UILaunchScreen_Generation = YES;
				INFOPLIST_KEY_UIRequiresFullScreen = YES;
				INFOPLIST_KEY_UISupportedInterfaceOrientations_iPad = UIInterfaceOrientationPortrait;
				INFOPLIST_KEY_UISupportedInterfaceOrientations_iPhone = UIInterfaceOrientationPortrait;
				IPHONEOS_DEPLOYMENT_TARGET = 17.0;
				LD_RUNPATH_SEARCH_PATHS = (
					"$(inherited)",
					"@executable_path/Frameworks",
				);
				MARKETING_VERSION = 1.0.13;
				PRODUCT_BUNDLE_IDENTIFIER = "com.lj-buchmiller.SadieMarie";
				PRODUCT_MODULE_NAME = SadieMarie;
				PRODUCT_NAME = SadieMarie;
				PROVISIONING_PROFILE_SPECIFIER = "";
				STRING_CATALOG_GENERATE_SYMBOLS = YES;
				SWIFT_APPROACHABLE_CONCURRENCY = YES;
				SWIFT_DEFAULT_ACTOR_ISOLATION = nonisolated;
				SWIFT_EMIT_LOC_STRINGS = YES;
				SWIFT_UPCOMING_FEATURE_MEMBER_IMPORT_VISIBILITY = YES;
				SWIFT_VERSION = 5.0;
				TARGETED_DEVICE_FAMILY = "1,2";
			};
			name = Release;
		};
		B10000611F7640EF00C6ADEE /* Debug */ = {
			isa = XCBuildConfiguration;
			buildSettings = {
				BUNDLE_LOADER = "$(TEST_HOST)";
				CODE_SIGN_STYLE = Automatic;
				CURRENT_PROJECT_VERSION = 1;
				DEVELOPMENT_TEAM = F54JWSP8S3;
				ENABLE_TESTING_SEARCH_PATHS = YES;
				GENERATE_INFOPLIST_FILE = YES;
				IPHONEOS_DEPLOYMENT_TARGET = 17.0;
				LD_RUNPATH_SEARCH_PATHS = (
					"$(inherited)",
					"@executable_path/Frameworks",
					"@loader_path/Frameworks",
				);
				PRODUCT_BUNDLE_IDENTIFIER = "com.lj-buchmiller.SadieMarieTests";
				PRODUCT_NAME = "$(TARGET_NAME)";
				SWIFT_VERSION = 5.0;
				TARGETED_DEVICE_FAMILY = "1,2";
				TEST_HOST = "$(BUILT_PRODUCTS_DIR)/SadieMarie.app/SadieMarie";
				TEST_TARGET_NAME = SadieMarie;
			};
			name = Debug;
		};
		B10000612F7640EF00C6ADEE /* Release */ = {
			isa = XCBuildConfiguration;
			buildSettings = {
				BUNDLE_LOADER = "$(TEST_HOST)";
				CODE_SIGN_STYLE = Automatic;
				CURRENT_PROJECT_VERSION = 1;
				DEVELOPMENT_TEAM = F54JWSP8S3;
				ENABLE_TESTING_SEARCH_PATHS = YES;
				GENERATE_INFOPLIST_FILE = YES;
				IPHONEOS_DEPLOYMENT_TARGET = 17.0;
				LD_RUNPATH_SEARCH_PATHS = (
					"$(inherited)",
					"@executable_path/Frameworks",
					"@loader_path/Frameworks",
				);
				PRODUCT_BUNDLE_IDENTIFIER = "com.lj-buchmiller.SadieMarieTests";
				PRODUCT_NAME = "$(TARGET_NAME)";
				SWIFT_VERSION = 5.0;
				TARGETED_DEVICE_FAMILY = "1,2";
				TEST_HOST = "$(BUILT_PRODUCTS_DIR)/SadieMarie.app/SadieMarie";
				TEST_TARGET_NAME = SadieMarie;
			};
			name = Release;
		};
		B10000621F7640EF00C6ADEE /* Debug */ = {
			isa = XCBuildConfiguration;
			buildSettings = {
				CODE_SIGN_STYLE = Automatic;
				CURRENT_PROJECT_VERSION = 1;
				DEVELOPMENT_TEAM = F54JWSP8S3;
				GENERATE_INFOPLIST_FILE = YES;
				IPHONEOS_DEPLOYMENT_TARGET = 17.0;
				LD_RUNPATH_SEARCH_PATHS = (
					"$(inherited)",
					"@executable_path/Frameworks",
					"@loader_path/Frameworks",
				);
				PRODUCT_BUNDLE_IDENTIFIER = "com.lj-buchmiller.SadieMarieUITests";
				PRODUCT_NAME = "$(TARGET_NAME)";
				SWIFT_VERSION = 5.0;
				TARGETED_DEVICE_FAMILY = "1,2";
				TEST_TARGET_NAME = SadieMarie;
			};
			name = Debug;
		};
		B10000622F7640EF00C6ADEE /* Release */ = {
			isa = XCBuildConfiguration;
			buildSettings = {
				CODE_SIGN_STYLE = Automatic;
				CURRENT_PROJECT_VERSION = 1;
				DEVELOPMENT_TEAM = F54JWSP8S3;
				GENERATE_INFOPLIST_FILE = YES;
				IPHONEOS_DEPLOYMENT_TARGET = 17.0;
				LD_RUNPATH_SEARCH_PATHS = (
					"$(inherited)",
					"@executable_path/Frameworks",
					"@loader_path/Frameworks",
				);
				PRODUCT_BUNDLE_IDENTIFIER = "com.lj-buchmiller.SadieMarieUITests";
				PRODUCT_NAME = "$(TARGET_NAME)";
				SWIFT_VERSION = 5.0;
				TARGETED_DEVICE_FAMILY = "1,2";
				TEST_TARGET_NAME = SadieMarie;
			};
			name = Release;
		};
/* End XCBuildConfiguration section */

/* Begin XCConfigurationList section */
		73358C972F8ECC5A00DFA772 /* Build configuration list for PBXNativeTarget "SadieMarieWidgets" */ = {
			isa = XCConfigurationList;
			buildConfigurations = (
				73358C982F8ECC5A00DFA772 /* Debug */,
				73358C992F8ECC5A00DFA772 /* Release */,
			);
			defaultConfigurationIsVisible = 0;
			defaultConfigurationName = Release;
		};
		73358CB72F901C8300DFA772 /* Build configuration list for PBXNativeTarget "SadieMarieNotifications" */ = {
			isa = XCConfigurationList;
			buildConfigurations = (
				73358CB82F901C8300DFA772 /* Debug */,
				73358CB92F901C8300DFA772 /* Release */,
			);
			defaultConfigurationIsVisible = 0;
			defaultConfigurationName = Release;
		};
		735A66EE2F7640EF00C6ADEE /* Build configuration list for PBXProject "SadieMarie" */ = {
			isa = XCConfigurationList;
			buildConfigurations = (
				735A66FC2F7640F000C6ADEE /* Debug */,
				735A66FD2F7640F000C6ADEE /* Release */,
			);
			defaultConfigurationIsVisible = 0;
			defaultConfigurationName = Release;
		};
		735A66FE2F7640F000C6ADEE /* Build configuration list for PBXNativeTarget "SadieMarie" */ = {
			isa = XCConfigurationList;
			buildConfigurations = (
				735A66FF2F7640F000C6ADEE /* Debug */,
				735A67002F7640F000C6ADEE /* Release */,
			);
			defaultConfigurationIsVisible = 0;
			defaultConfigurationName = Release;
		};
		B10000711F7640EF00C6ADEE /* Build configuration list for PBXNativeTarget "SadieMarieTests" */ = {
			isa = XCConfigurationList;
			buildConfigurations = (
				B10000611F7640EF00C6ADEE /* Debug */,
				B10000612F7640EF00C6ADEE /* Release */,
			);
			defaultConfigurationIsVisible = 0;
			defaultConfigurationName = Release;
		};
		B10000712F7640EF00C6ADEE /* Build configuration list for PBXNativeTarget "SadieMarieUITests" */ = {
			isa = XCConfigurationList;
			buildConfigurations = (
				B10000621F7640EF00C6ADEE /* Debug */,
				B10000622F7640EF00C6ADEE /* Release */,
			);
			defaultConfigurationIsVisible = 0;
			defaultConfigurationName = Release;
		};
/* End XCConfigurationList section */

/* Begin XCRemoteSwiftPackageReference section */
		731C3BBE2FC5229900B84A2E /* XCRemoteSwiftPackageReference "clerk-ios" */ = {
			isa = XCRemoteSwiftPackageReference;
			repositoryURL = "https://github.com/clerk/clerk-ios";
			requirement = {
				kind = upToNextMajorVersion;
				minimumVersion = 1.1.3;
			};
		};
		73HC00012FC6000100B84A2E /* XCRemoteSwiftPackageReference "HorizonCalendar" */ = {
			isa = XCRemoteSwiftPackageReference;
			repositoryURL = "https://github.com/airbnb/HorizonCalendar";
			requirement = {
				kind = upToNextMajorVersion;
				minimumVersion = 2.0.0;
			};
		};
/* End XCRemoteSwiftPackageReference section */

/* Begin XCSwiftPackageProductDependency section */
		731C3BBF2FC523B200B84A2E /* ClerkKit */ = {
			isa = XCSwiftPackageProductDependency;
			package = 731C3BBE2FC5229900B84A2E /* XCRemoteSwiftPackageReference "clerk-ios" */;
			productName = ClerkKit;
		};
		731C3BC12FC523B200B84A2E /* ClerkKitUI */ = {
			isa = XCSwiftPackageProductDependency;
			package = 731C3BBE2FC5229900B84A2E /* XCRemoteSwiftPackageReference "clerk-ios" */;
			productName = ClerkKitUI;
		};
		73HC00022FC6000100B84A2E /* HorizonCalendar */ = {
			isa = XCSwiftPackageProductDependency;
			package = 73HC00012FC6000100B84A2E /* XCRemoteSwiftPackageReference "HorizonCalendar" */;
			productName = HorizonCalendar;
		};
/* End XCSwiftPackageProductDependency section */
	};
	rootObject = 735A66EB2F7640EF00C6ADEE /* Project object */;
}
